{
  "version": 4,
  "terraform_version": "1.5.3",
  "serial": 17,
  "lineage": "aed05a28-38d5-6333-a544-1dbdc8dafce7",
  "outputs": {
    "dynamodb_table": {
      "value": {
        "arn": "arn:aws:dynamodb:ap-northeast-2:123456789012:table/dydb-terraform-argos",
        "attribute": [
          {
            "name": "LockID",
            "type": "S"
          }
        ],
        "billing_mode": "PAY_PER_REQUEST",
        "deletion_protection_enabled": false,
        "global_secondary_index": [],
        "hash_key": "LockID",
        "id": "dydb-terraform-argos",
        "local_secondary_index": [],
        "name": "dydb-terraform-argos",
        "point_in_time_recovery": [
          {
            "enabled": false
          }
        ],
        "range_key": null,
        "read_capacity": 0,
        "replica": [],
        "restore_date_time": null,
        "restore_source_name": null,
        "restore_to_latest_time": null,
        "server_side_encryption": [],
        "stream_arn": "",
        "stream_enabled": false,
        "stream_label": "",
        "stream_view_type": "",
        "table_class": "STANDARD",
        "tags": {
          "Name": "DynamoDB Terraform State Lock Table"
        },
        "tags_all": {
          "Environment": "dev",
          "Name": "DynamoDB Terraform State Lock Table",
          "Personalinformation": "yes",
          "ServiceName": "LCL14"
        },
        "timeouts": null,
        "ttl": [
          {
            "attribute_name": "",
            "enabled": false
          }
        ],
        "write_capacity": 0
      },
      "type": [
        "object",
        {
          "arn": "string",
          "attribute": [
            "set",
            [
              "object",
              {
                "name": "string",
                "type": "string"
              }
            ]
          ],
          "billing_mode": "string",
          "deletion_protection_enabled": "bool",
          "global_secondary_index": [
            "set",
            [
              "object",
              {
                "hash_key": "string",
                "name": "string",
                "non_key_attributes": [
                  "set",
                  "string"
                ],
                "projection_type": "string",
                "range_key": "string",
                "read_capacity": "number",
                "write_capacity": "number"
              }
            ]
          ],
          "hash_key": "string",
          "id": "string",
          "local_secondary_index": [
            "set",
            [
              "object",
              {
                "name": "string",
                "non_key_attributes": [
                  "list",
                  "string"
                ],
                "projection_type": "string",
                "range_key": "string"
              }
            ]
          ],
          "name": "string",
          "point_in_time_recovery": [
            "list",
            [
              "object",
              {
                "enabled": "bool"
              }
            ]
          ],
          "range_key": "string",
          "read_capacity": "number",
          "replica": [
            "set",
            [
              "object",
              {
                "arn": "string",
                "kms_key_arn": "string",
                "point_in_time_recovery": "bool",
                "propagate_tags": "bool",
                "region_name": "string",
                "stream_arn": "string",
                "stream_label": "string"
              }
            ]
          ],
          "restore_date_time": "string",
          "restore_source_name": "string",
          "restore_to_latest_time": "bool",
          "server_side_encryption": [
            "list",
            [
              "object",
              {
                "enabled": "bool",
                "kms_key_arn": "string"
              }
            ]
          ],
          "stream_arn": "string",
          "stream_enabled": "bool",
          "stream_label": "string",
          "stream_view_type": "string",
          "table_class": "string",
          "tags": [
            "map",
            "string"
          ],
          "tags_all": [
            "map",
            "string"
          ],
          "timeouts": [
            "object",
            {
              "create": "string",
              "delete": "string",
              "update": "string"
            }
          ],
          "ttl": [
            "list",
            [
              "object",
              {
                "attribute_name": "string",
                "enabled": "bool"
              }
            ]
          ],
          "write_capacity": "number"
        }
      ]
    },
    "s3_bucket_arn": {
      "value": "arn:aws:s3:::s3-terraform-argos",
      "type": "string"
    },
    "s3_bucket_name": {
      "value": "s3-terraform-argos",
      "type": "string"
    }
  },
  "resources": [
    {
      "mode": "managed",
      "type": "aws_dynamodb_table",
      "name": "terraform_state_lock",
      "provider": "provider[\"registry.terraform.io/hashicorp/aws\"]",
      "instances": [
        {
          "schema_version": 1,
          "attributes": {
            "arn": "arn:aws:dynamodb:ap-northeast-2:123456789012:table/dydb-terraform-argos",
            "attribute": [
              {
                "name": "LockID",
                "type": "S"
              }
            ],
            "billing_mode": "PAY_PER_REQUEST",
            "deletion_protection_enabled": false,
            "global_secondary_index": [],
            "hash_key": "LockID",
            "id": "dydb-terraform-argos",
            "local_secondary_index": [],
            "name": "dydb-terraform-argos",
            "point_in_time_recovery": [
              {
                "enabled": false
              }
            ],
            "range_key": null,
            "read_capacity": 0,
            "replica": [],
            "restore_date_time": null,
            "restore_source_name": null,
            "restore_to_latest_time": null,
            "server_side_encryption": [],
            "stream_arn": "",
            "stream_enabled": false,
            "stream_label": "",
            "stream_view_type": "",
            "table_class": "STANDARD",
            "tags": {
              "Name": "DynamoDB Terraform State Lock Table"
            },
            "tags_all": {
              "Environment": "dev",
              "Name": "DynamoDB Terraform State Lock Table",
              "Personalinformation": "yes",
              "ServiceName": "LCL14"
            },
            "timeouts": null,
            "ttl": [
              {
                "attribute_name": "",
                "enabled": false
              }
            ],
            "write_capacity": 0
          },
          "sensitive_attributes": [],
          "private": "eyJlMmJmYjczMC1lY2FhLTExZTYtOGY4OC0zNDM2M2JjN2M0YzAiOnsiY3JlYXRlIjoxODAwMDAwMDAwMDAwLCJkZWxldGUiOjYwMDAwMDAwMDAwMCwidXBkYXRlIjozNjAwMDAwMDAwMDAwfSwic2NoZW1hX3ZlcnNpb24iOiIxIn0="
        }
      ]
    },
    {
      "mode": "managed",
      "type": "aws_s3_bucket",
      "name": "tfstate",
      "provider": "provider[\"registry.terraform.io/hashicorp/aws\"]",
      "instances": [
        {
          "schema_version": 0,
          "attributes": {
            "acceleration_status": "",
            "acl": null,
            "arn": "arn:aws:s3:::s3-terraform-argos",
            "bucket": "s3-terraform-argos",
            "bucket_domain_name": "s3-terraform-argos.s3.amazonaws.com",
            "bucket_prefix": "",
            "bucket_regional_domain_name": "s3-terraform-argos.s3.ap-northeast-2.amazonaws.com",
            "cors_rule": [],
            "force_destroy": false,
            "grant": [
              {
                "id": "ce26257d064eaef5a3e3cbe3c087bec41e72ee6413d2cdd6ad87c5cd83d8da38",
                "permissions": [
                  "FULL_CONTROL"
                ],
                "type": "CanonicalUser",
                "uri": ""
              }
            ],
            "hosted_zone_id": "Z3W03O7B5YMIYP",
            "id": "s3-terraform-argos",
            "lifecycle_rule": [],
            "logging": [],
            "object_lock_configuration": [
              {
                "object_lock_enabled": "Enabled",
                "rule": []
              }
            ],
            "object_lock_enabled": true,
            "policy": "",
            "region": "ap-northeast-2",
            "replication_configuration": [],
            "request_payer": "BucketOwner",
            "server_side_encryption_configuration": [
              {
                "rule": [
                  {
                    "apply_server_side_encryption_by_default": [
                      {
                        "kms_master_key_id": "",
                        "sse_algorithm": "AES256"
                      }
                    ],
                    "bucket_key_enabled": false
                  }
                ]
              }
            ],
            "tags": {
              "Name": "S3 Remote Terraform State Store"
            },
            "tags_all": {
              "Environment": "dev",
              "Name": "S3 Remote Terraform State Store",
              "Personalinformation": "yes",
              "ServiceName": "LCL14"
            },
            "timeouts": null,
            "versioning": [
              {
                "enabled": true,
                "mfa_delete": false
              }
            ],
            "website": [],
            "website_domain": null,
            "website_endpoint": null
          },
          "sensitive_attributes": [],
          "private": "eyJlMmJmYjczMC1lY2FhLTExZTYtOGY4OC0zNDM2M2JjN2M0YzAiOnsiY3JlYXRlIjoxMjAwMDAwMDAwMDAwLCJkZWxldGUiOjM2MDAwMDAwMDAwMDAsInJlYWQiOjEyMDAwMDAwMDAwMDAsInVwZGF0ZSI6MTIwMDAwMDAwMDAwMH19"
        }
      ]
    },
    {
      "mode": "managed",
      "type": "aws_s3_bucket_acl",
      "name": "tfstate_bucket_acl",
      "provider": "provider[\"registry.terraform.io/hashicorp/aws\"]",
      "instances": [
        {
          "schema_version": 0,
          "attributes": {
            "access_control_policy": [
              {
                "grant": [
                  {
                    "grantee": [
                      {
                        "display_name": "",
                        "email_address": "",
                        "id": "ce26257d064eaef5a3e3cbe3c087bec41e72ee6413d2cdd6ad87c5cd83d8da38",
                        "type": "CanonicalUser",
                        "uri": ""
                      }
                    ],
                    "permission": "FULL_CONTROL"
                  }
                ],
                "owner": [
                  {
                    "display_name": "",
                    "id": "ce26257d064eaef5a3e3cbe3c087bec41e72ee6413d2cdd6ad87c5cd83d8da38"
                  }
                ]
              }
            ],
            "acl": "private",
            "bucket": "s3-terraform-argos",
            "expected_bucket_owner": "",
            "id": "s3-terraform-argos,private"
          },
          "sensitive_attributes": [],
          "private": "bnVsbA==",
          "dependencies": [
            "aws_s3_bucket.tfstate",
            "aws_s3_bucket_ownership_controls.s3_bucket_acl_ownership"
          ]
        }
      ]
    },
    {
      "mode": "managed",
      "type": "aws_s3_bucket_ownership_controls",
      "name": "s3_bucket_acl_ownership",
      "provider": "provider[\"registry.terraform.io/hashicorp/aws\"]",
      "instances": [
        {
          "schema_version": 0,
          "attributes": {
            "bucket": "s3-terraform-argos",
            "id": "s3-terraform-argos",
            "rule": [
              {
                "object_ownership": "BucketOwnerPreferred"
              }
            ]
          },
          "sensitive_attributes": [],
          "private": "bnVsbA==",
          "dependencies": [
            "aws_s3_bucket.tfstate"
          ]
        }
      ]
    },
    {
      "mode": "managed",
      "type": "aws_s3_bucket_server_side_encryption_configuration",
      "name": "s3_enc",
      "provider": "provider[\"registry.terraform.io/hashicorp/aws\"]",
      "instances": [
        {
          "schema_version": 0,
          "attributes": {
            "bucket": "s3-terraform-argos",
            "expected_bucket_owner": "",
            "id": "s3-terraform-argos",
            "rule": [
              {
                "apply_server_side_encryption_by_default": [
                  {
                    "kms_master_key_id": "",
                    "sse_algorithm": "AES256"
                  }
                ],
                "bucket_key_enabled": false
              }
            ]
          },
          "sensitive_attributes": [],
          "private": "bnVsbA==",
          "dependencies": [
            "aws_s3_bucket.tfstate"
          ]
        }
      ]
    },
    {
      "mode": "managed",
      "type": "aws_s3_bucket_versioning",
      "name": "s3_ver",
      "provider": "provider[\"registry.terraform.io/hashicorp/aws\"]",
      "instances": [
        {
          "schema_version": 0,
          "attributes": {
            "bucket": "s3-terraform-argos",
            "expected_bucket_owner": "",
            "id": "s3-terraform-argos",
            "mfa": null,
            "versioning_configuration": [
              {
                "mfa_delete": "Disabled",
                "status": "Enabled"
              }
            ]
          },
          "sensitive_attributes": [],
          "private": "bnVsbA==",
          "dependencies": [
            "aws_s3_bucket.tfstate"
          ]
        }
      ]
    }
  ],
  "check_results": null
}
